
Microsoft Visual Studio Solution File, Format Version 12.00
# Visual Studio Version 17
VisualStudioVersion = 17.5.33414.496
MinimumVisualStudioVersion = 10.0.40219.1
Project("{9A19103F-16F7-4668-BE54-9A1E7A4F7556}") = "AppReact", "AppReact\AppReact.csproj", "{E38C58AF-D58E-4E9A-9831-F421E8614963}"
EndProject
Global
	GlobalSection(SolutionConfigurationPlatforms) = preSolution
		Debug|Any CPU = Debug|Any CPU
		Debug|x64 = Debug|x64
		Release|Any CPU = Release|Any CPU
		Release|x64 = Release|x64
	EndGlobalSection
	GlobalSection(ProjectConfigurationPlatforms) = postSolution
		{E38C58AF-D58E-4E9A-9831-F421E8614963}.Debug|Any CPU.ActiveCfg = Debug|Any CPU
		{E38C58AF-D58E-4E9A-9831-F421E8614963}.Debug|Any CPU.Build.0 = Debug|Any CPU
		{E38C58AF-D58E-4E9A-9831-F421E8614963}.Debug|x64.ActiveCfg = Debug|x64
		{E38C58AF-D58E-4E9A-9831-F421E8614963}.Debug|x64.Build.0 = Debug|x64
		{E38C58AF-D58E-4E9A-9831-F421E8614963}.Release|Any CPU.ActiveCfg = Release|Any CPU
		{E38C58AF-D58E-4E9A-9831-F421E8614963}.Release|Any CPU.Build.0 = Release|Any CPU
		{E38C58AF-D58E-4E9A-9831-F421E8614963}.Release|x64.ActiveCfg = Release|x64
		{E38C58AF-D58E-4E9A-9831-F421E8614963}.Release|x64.Build.0 = Release|x64
	EndGlobalSection
	GlobalSection(SolutionProperties) = preSolution
		HideSolutionNode = FALSE
	EndGlobalSection
	GlobalSection(ExtensibilityGlobals) = postSolution
		SolutionGuid = {F9E8EC4E-39E8-4C1C-97AB-9EB9D31FEDC3}
	EndGlobalSection
EndGlobal
